
Microsoft Visual Studio Solution File, Format Version 12.00
# Visual Studio Version 16
VisualStudioVersion = 16.0.31729.503
MinimumVisualStudioVersion = 10.0.40219.1
Project("{FAE04EC0-301F-11D3-BF4B-00C04F79EFBC}") = "PreventWebMVC", "PreventWebMVC\PreventWebMVC.csproj", "{BC4627F6-EBE9-4366-911B-848E147C7C58}"
EndProject
Global
	GlobalSection(SolutionConfigurationPlatforms) = preSolution
		Debug|Any CPU = Debug|Any CPU
		Release|Any CPU = Release|Any CPU
	EndGlobalSection
	GlobalSection(ProjectConfigurationPlatforms) = postSolution
		{BC4627F6-EBE9-4366-911B-848E147C7C58}.Debug|Any CPU.ActiveCfg = Debug|Any CPU
		{BC4627F6-EBE9-4366-911B-848E147C7C58}.Debug|Any CPU.Build.0 = Debug|Any CPU
		{BC4627F6-EBE9-4366-911B-848E147C7C58}.Release|Any CPU.ActiveCfg = Release|Any CPU
		{BC4627F6-EBE9-4366-911B-848E147C7C58}.Release|Any CPU.Build.0 = Release|Any CPU
	EndGlobalSection
	GlobalSection(SolutionProperties) = preSolution
		HideSolutionNode = FALSE
	EndGlobalSection
	GlobalSection(ExtensibilityGlobals) = postSolution
		SolutionGuid = {586B3FF4-0380-4D22-A27C-C194DB592D39}
	EndGlobalSection
EndGlobal
